GEM
  remote: https://rubygems.org/
  specs:
    nio4r (2.7.5)
    puma (8.0.1)
      nio4r (~> 2.0)
    rack (3.2.6)
    roda (3.104.0)
      rack

PLATFORMS
  x64-mingw-ucrt
  x86_64-linux

DEPENDENCIES
  puma
  roda

CHECKSUMS
  nio4r (2.7.5) sha256=6c90168e48fb5f8e768419c93abb94ba2b892a1d0602cb06eef16d8b7df1dca1
  puma (8.0.1) sha256=7b94e50c07655718c1fb8ae41a11fc06c7d61293208b3aa608ff71a46d3ad37c
  rack (3.2.6) sha256=5ed78e1f73b2e25679bec7d45ee2d4483cc4146eb1be0264fc4d94cb5ef212c2
  roda (3.104.0) sha256=1b1e64a4634a99c737b251b6f94cba7625c01755b0db4cb62280bebe49c898f7

BUNDLED WITH
  4.0.3
